// !$*UTF8*$!
{
	archiveVersion = 1;
	classes = {
	};
	objectVersion = 48;
	objects = {

/* Begin PBXBuildFile section */
		E50A7B6B1F88C84F00437102 /* AppDelegate.swift in Sources */ = {isa = PBXBuildFile; fileRef = E50A7B6A1F88C84F00437102 /* AppDelegate.swift */; };
		E50A7B6D1F88C84F00437102 /* ViewController.swift in Sources */ = {isa = PBXBuildFile; fileRef = E50A7B6C1F88C84F00437102 /* ViewController.swift */; };
		E50A7B701F88C84F00437102 /* Main.storyboard in Resources */ = {isa = PBXBuildFile; fileRef = E50A7B6E1F88C84F00437102 /* Main.storyboard */; };
		E50A7B721F88C84F00437102 /* Assets.xcassets in Resources */ = {isa = PBXBuildFile; fileRef = E50A7B711F88C84F00437102 /* Assets.xcassets */; };
		E50A7B751F88C84F00437102 /* LaunchScreen.storyboard in Resources */ = {isa = PBXBuildFile; fileRef = E50A7B731F88C84F00437102 /* LaunchScreen.storyboard */; };
/* End PBXBuildFile section */

/* Begin PBXFileReference section */
		E50A7B671F88C84F00437102 /* FizzBuzz Game.app */ = {isa = PBXFileReference; explicitFileType = wrapper.application; includeInIndex = 0; path = "FizzBuzz Game.app"; sourceTree = BUILT_PRODUCTS_DIR; };
		E50A7B6A1F88C84F00437102 /* AppDelegate.swift */ = {isa = PBXFileReference; lastKnownFileType = sourcecode.swift; path = AppDelegate.swift; sourceTree = "<group>"; };
		E50A7B6C1F88C84F00437102 /* ViewController.swift */ = {isa = PBXFileReference; lastKnownFileType = sourcecode.swift; path = ViewController.swift; sourceTree = "<group>"; };
		E50A7B6F1F88C84F00437102 /* Base */ = {isa = PBXFileReference; lastKnownFileType = file.storyboard; name = Base; path = Base.lproj/Main.storyboard; sourceTree = "<group>"; };
		E50A7B711F88C84F00437102 /* Assets.xcassets */ = {isa = PBXFileReference; lastKnownFileType = folder.assetcatalog; path = Assets.xcassets; sourceTree = "<group>"; };
		E50A7B741F88C84F00437102 /* Base */ = {isa = PBXFileReference; lastKnownFileType = file.storyboard; name = Base; path = Base.lproj/LaunchScreen.storyboard; sourceTree = "<group>"; };
		E50A7B761F88C84F00437102 /* Info.plist */ = {isa = PBXFileReference; lastKnownFileType = text.plist.xml; path = Info.plist; sourceTree = "<group>"; };
		E50A7B811F88DD3800437102 /* rocket.png */ = {isa = PBXFileReference; lastKnownFileType = image.png; name = rocket.png; path = Assets.xcassets/rocket.png; sourceTree = "<group>"; };
		E50A7B831F88E15000437102 /* bee.png */ = {isa = PBXFileReference; lastKnownFileType = image.png; name = bee.png; path = Assets.xcassets/bee.png; sourceTree = "<group>"; };
		E50A7B841F88E61900437102 /* ring.png */ = {isa = PBXFileReference; lastKnownFileType = image.png; name = ring.png; path = Assets.xcassets/ring.png; sourceTree = "<group>"; };
/* End PBXFileReference section */

/* Begin PBXFrameworksBuildPhase section */
		E50A7B641F88C84F00437102 /* Frameworks */ = {
			isa = PBXFrameworksBuildPhase;
			buildActionMask = 2147483647;
			files = (
			);
			runOnlyForDeploymentPostprocessing = 0;
		};
/* End PBXFrameworksBuildPhase section */

/* Begin PBXGroup section */
		E50A7B5E1F88C84F00437102 = {
			isa = PBXGroup;
			children = (
				E50A7B691F88C84F00437102 /* FizzBuzz Game */,
				E50A7B681F88C84F00437102 /* Products */,
			);
			sourceTree = "<group>";
		};
		E50A7B681F88C84F00437102 /* Products */ = {
			isa = PBXGroup;
			children = (
				E50A7B671F88C84F00437102 /* FizzBuzz Game.app */,
			);
			name = Products;
			sourceTree = "<group>";
		};
		E50A7B691F88C84F00437102 /* FizzBuzz Game */ = {
			isa = PBXGroup;
			children = (
				E50A7B6A1F88C84F00437102 /* AppDelegate.swift */,
				E50A7B6C1F88C84F00437102 /* ViewController.swift */,
				E50A7B6E1F88C84F00437102 /* Main.storyboard */,
				E50A7B711F88C84F00437102 /* Assets.xcassets */,
				E50A7B831F88E15000437102 /* bee.png */,
				E50A7B811F88DD3800437102 /* rocket.png */,
				E50A7B841F88E61900437102 /* ring.png */,
				E50A7B731F88C84F00437102 /* LaunchScreen.storyboard */,
				E50A7B761F88C84F00437102 /* Info.plist */,
			);
			path = "FizzBuzz Game";
			sourceTree = "<group>";
		};
/* End PBXGroup section */

/* Begin PBXNativeTarget section */
		E50A7B661F88C84F00437102 /* FizzBuzz Game */ = {
			isa = PBXNativeTarget;
			buildConfigurationList = E50A7B791F88C84F00437102 /* Build configuration list for PBXNativeTarget "FizzBuzz Game" */;
			buildPhases = (
				E50A7B631F88C84F00437102 /* Sources */,
				E50A7B641F88C84F00437102 /* Frameworks */,
				E50A7B651F88C84F00437102 /* Resources */,
			);
			buildRules = (
			);
			dependencies = (
			);
			name = "FizzBuzz Game";
			productName = "FizzBuzz Game";
			productReference = E50A7B671F88C84F00437102 /* FizzBuzz Game.app */;
			productType = "com.apple.product-type.application";
		};
/* End PBXNativeTarget section */

/* Begin PBXProject section */
		E50A7B5F1F88C84F00437102 /* Project object */ = {
			isa = PBXProject;
			attributes = {
				LastSwiftUpdateCheck = 0900;
				LastUpgradeCheck = 0900;
				ORGANIZATIONNAME = "Emeline Got";
				TargetAttributes = {
					E50A7B661F88C84F00437102 = {
						CreatedOnToolsVersion = 9.0;
						ProvisioningStyle = Automatic;
					};
				};
			};
			buildConfigurationList = E50A7B621F88C84F00437102 /* Build configuration list for PBXProject "FizzBuzz Game" */;
			compatibilityVersion = "Xcode 8.0";
			developmentRegion = en;
			hasScannedForEncodings = 0;
			knownRegions = (
				en,
				Base,
			);
			mainGroup = E50A7B5E1F88C84F00437102;
			productRefGroup = E50A7B681F88C84F00437102 /* Products */;
			projectDirPath = "";
			projectRoot = "";
			targets = (
				E50A7B661F88C84F00437102 /* FizzBuzz Game */,
			);
		};
/* End PBXProject section */

/* Begin PBXResourcesBuildPhase section */
		E50A7B651F88C84F00437102 /* Resources */ = {
			isa = PBXResourcesBuildPhase;
			buildActionMask = 2147483647;
			files = (
				E50A7B751F88C84F00437102 /* LaunchScreen.storyboard in Resources */,
				E50A7B721F88C84F00437102 /* Assets.xcassets in Resources */,
				E50A7B701F88C84F00437102 /* Main.storyboard in Resources */,
			);
			runOnlyForDeploymentPostprocessing = 0;
		};
/* End PBXResourcesBuildPhase section */

/* Begin PBXSourcesBuildPhase section */
		E50A7B631F88C84F00437102 /* Sources */ = {
			isa = PBXSourcesBuildPhase;
			buildActionMask = 2147483647;
			files = (
				E50A7B6D1F88C84F00437102 /* ViewController.swift in Sources */,
				E50A7B6B1F88C84F00437102 /* AppDelegate.swift in Sources */,
			);
			runOnlyForDeploymentPostprocessing = 0;
		};
/* End PBXSourcesBuildPhase section */

/* Begin PBXVariantGroup section */
		E50A7B6E1F88C84F00437102 /* Main.storyboard */ = {
			isa = PBXVariantGroup;
			children = (
				E50A7B6F1F88C84F00437102 /* Base */,
			);
			name = Main.storyboard;
			sourceTree = "<group>";
		};
		E50A7B731F88C84F00437102 /* LaunchScreen.storyboard */ = {
			isa = PBXVariantGroup;
			children = (
				E50A7B741F88C84F00437102 /* Base */,
			);
			name = LaunchScreen.storyboard;
			sourceTree = "<group>";
		};
/* End PBXVariantGroup section */

/* Begin XCBuildConfiguration section */
		E50A7B771F88C84F00437102 /* Debug */ = {
			isa = XCBuildConfiguration;
			buildSettings = {
				ALWAYS_SEARCH_USER_PATHS = NO;
				CLANG_ANALYZER_NONNULL = YES;
				CLANG_ANALYZER_NUMBER_OBJECT_CONVERSION = YES_AGGRESSIVE;
				CLANG_CXX_LANGUAGE_STANDARD = "gnu++14";
				CLANG_CXX_LIBRARY = "libc++";
				CLANG_ENABLE_MODULES = YES;
				CLANG_ENABLE_OBJC_ARC = YES;
				CLANG_WARN_BLOCK_CAPTURE_AUTORELEASING = YES;
				CLANG_WARN_BOOL_CONVERSION = YES;
				CLANG_WARN_COMMA = YES;
				CLANG_WARN_CONSTANT_CONVERSION = YES;
				CLANG_WARN_DIRECT_OBJC_ISA_USAGE = YES_ERROR;
				CLANG_WARN_DOCUMENTATION_COMMENTS = YES;
				CLANG_WARN_EMPTY_BODY = YES;
				CLANG_WARN_ENUM_CONVERSION = YES;
				CLANG_WARN_INFINITE_RECURSION = YES;
				CLANG_WARN_INT_CONVERSION = YES;
				CLANG_WARN_NON_LITERAL_NULL_CONVERSION = YES;
				CLANG_WARN_OBJC_LITERAL_CONVERSION = YES;
				CLANG_WARN_OBJC_ROOT_CLASS = YES_ERROR;
				CLANG_WARN_RANGE_LOOP_ANALYSIS = YES;
				CLANG_WARN_STRICT_PROTOTYPES = YES;
				CLANG_WARN_SUSPICIOUS_MOVE = YES;
				CLANG_WARN_UNGUARDED_AVAILABILITY = YES_AGGRESSIVE;
				CLANG_WARN_UNREACHABLE_CODE = YES;
				CLANG_WARN__DUPLICATE_METHOD_MATCH = YES;
				CODE_SIGN_IDENTITY = "iPhone Developer";
				COPY_PHASE_STRIP = NO;
				DEBUG_INFORMATION_FORMAT = dwarf;
				ENABLE_STRICT_OBJC_MSGSEND = YES;
				ENABLE_TESTABILITY = YES;
				GCC_C_LANGUAGE_STANDARD = gnu11;
				GCC_DYNAMIC_NO_PIC = NO;
				GCC_NO_COMMON_BLOCKS = YES;
				GCC_OPTIMIZATION_LEVEL = 0;
				GCC_PREPROCESSOR_DEFINITIONS = (
					"DEBUG=1",
					"$(inherited)",
				);
				GCC_WARN_64_TO_32_BIT_CONVERSION = YES;
				GCC_WARN_ABOUT_RETURN_TYPE = YES_ERROR;
				GCC_WARN_UNDECLARED_SELECTOR = YES;
				GCC_WARN_UNINITIALIZED_AUTOS = YES_AGGRESSIVE;
				GCC_WARN_UNUSED_FUNCTION = YES;
				GCC_WARN_UNUSED_VARIABLE = YES;
				IPHONEOS_DEPLOYMENT_TARGET = 11.0;
				MTL_ENABLE_DEBUG_INFO = YES;
				ONLY_ACTIVE_ARCH = YES;
				SDKROOT = iphoneos;
				SWIFT_ACTIVE_COMPILATION_CONDITIONS = DEBUG;
				SWIFT_OPTIMIZATION_LEVEL = "-Onone";
			};
			name = Debug;
		};
		E50A7B781F88C84F00437102 /* Release */ = {
			isa = XCBuildConfiguration;
			buildSettings = {
				ALWAYS_SEARCH_USER_PATHS = NO;
				CLANG_ANALYZER_NONNULL = YES;
				CLANG_ANALYZER_NUMBER_OBJECT_CONVERSION = YES_AGGRESSIVE;
				CLANG_CXX_LANGUAGE_STANDARD = "gnu++14";
				CLANG_CXX_LIBRARY = "libc++";
				CLANG_ENABLE_MODULES = YES;
				CLANG_ENABLE_OBJC_ARC = YES;
				CLANG_WARN_BLOCK_CAPTURE_AUTORELEASING = YES;
				CLANG_WARN_BOOL_CONVERSION = YES;
				CLANG_WARN_COMMA = YES;
				CLANG_WARN_CONSTANT_CONVERSION = YES;
				CLANG_WARN_DIRECT_OBJC_ISA_USAGE = YES_ERROR;
				CLANG_WARN_DOCUMENTATION_COMMENTS = YES;
				CLANG_WARN_EMPTY_BODY = YES;
				CLANG_WARN_ENUM_CONVERSION = YES;
				CLANG_WARN_INFINITE_RECURSION = YES;
				CLANG_WARN_INT_CONVERSION = YES;
				CLANG_WARN_NON_LITERAL_NULL_CONVERSION = YES;
				CLANG_WARN_OBJC_LITERAL_CONVERSION = YES;
				CLANG_WARN_OBJC_ROOT_CLASS = YES_ERROR;
				CLANG_WARN_RANGE_LOOP_ANALYSIS = YES;
				CLANG_WARN_STRICT_PROTOTYPES = YES;
				CLANG_WARN_SUSPICIOUS_MOVE = YES;
				CLANG_WARN_UNGUARDED_AVAILABILITY = YES_AGGRESSIVE;
				CLANG_WARN_UNREACHABLE_CODE = YES;
				CLANG_WARN__DUPLICATE_METHOD_MATCH = YES;
				CODE_SIGN_IDENTITY = "iPhone Developer";
				COPY_PHASE_STRIP = NO;
				DEBUG_INFORMATION_FORMAT = "dwarf-with-dsym";
				ENABLE_NS_ASSERTIONS = NO;
				ENABLE_STRICT_OBJC_MSGSEND = YES;
				GCC_C_LANGUAGE_STANDARD = gnu11;
				GCC_NO_COMMON_BLOCKS = YES;
				GCC_WARN_64_TO_32_BIT_CONVERSION = YES;
				GCC_WARN_ABOUT_RETURN_TYPE = YES_ERROR;
				GCC_WARN_UNDECLARED_SELECTOR = YES;
				GCC_WARN_UNINITIALIZED_AUTOS = YES_AGGRESSIVE;
				GCC_WARN_UNUSED_FUNCTION = YES;
				GCC_WARN_UNUSED_VARIABLE = YES;
				IPHONEOS_DEPLOYMENT_TARGET = 11.0;
				MTL_ENABLE_DEBUG_INFO = NO;
				SDKROOT = iphoneos;
				SWIFT_OPTIMIZATION_LEVEL = "-Owholemodule";
				VALIDATE_PRODUCT = YES;
			};
			name = Release;
		};
		E50A7B7A1F88C84F00437102 /* Debug */ = {
			isa = XCBuildConfiguration;
			buildSettings = {
				ASSETCATALOG_COMPILER_APPICON_NAME = AppIcon;
				CODE_SIGN_STYLE = Automatic;
				DEVELOPMENT_TEAM = F4A5TTJAD2;
				INFOPLIST_FILE = "FizzBuzz Game/Info.plist";
				LD_RUNPATH_SEARCH_PATHS = "$(inherited) @executable_path/Frameworks";
				PRODUCT_BUNDLE_IDENTIFIER = "egot.FizzBuzz-Game";
				PRODUCT_NAME = "$(TARGET_NAME)";
				SWIFT_VERSION = 4.0;
				TARGETED_DEVICE_FAMILY = "1,2";
			};
			name = Debug;
		};
		E50A7B7B1F88C84F00437102 /* Release */ = {
			isa = XCBuildConfiguration;
			buildSettings = {
				ASSETCATALOG_COMPILER_APPICON_NAME = AppIcon;
				CODE_SIGN_STYLE = Automatic;
				DEVELOPMENT_TEAM = F4A5TTJAD2;
				INFOPLIST_FILE = "FizzBuzz Game/Info.plist";
				LD_RUNPATH_SEARCH_PATHS = "$(inherited) @executable_path/Frameworks";
				PRODUCT_BUNDLE_IDENTIFIER = "egot.FizzBuzz-Game";
				PRODUCT_NAME = "$(TARGET_NAME)";
				SWIFT_VERSION = 4.0;
				TARGETED_DEVICE_FAMILY = "1,2";
			};
			name = Release;
		};
/* End XCBuildConfiguration section */

/* Begin XCConfigurationList section */
		E50A7B621F88C84F00437102 /* Build configuration list for PBXProject "FizzBuzz Game" */ = {
			isa = XCConfigurationList;
			buildConfigurations = (
				E50A7B771F88C84F00437102 /* Debug */,
				E50A7B781F88C84F00437102 /* Release */,
			);
			defaultConfigurationIsVisible = 0;
			defaultConfigurationName = Release;
		};
		E50A7B791F88C84F00437102 /* Build configuration list for PBXNativeTarget "FizzBuzz Game" */ = {
			isa = XCConfigurationList;
			buildConfigurations = (
				E50A7B7A1F88C84F00437102 /* Debug */,
				E50A7B7B1F88C84F00437102 /* Release */,
			);
			defaultConfigurationIsVisible = 0;
			defaultConfigurationName = Release;
		};
/* End XCConfigurationList section */
	};
	rootObject = E50A7B5F1F88C84F00437102 /* Project object */;
}
